
Microsoft Visual Studio Solution File, Format Version 12.00
# Visual Studio Version 17
VisualStudioVersion = 17.5.33627.172
MinimumVisualStudioVersion = 10.0.40219.1
Project("{FAE04EC0-301F-11D3-BF4B-00C04F79EFBC}") = "CRUDMaster", "CRUDMaster.csproj", "{6698E7FD-AEE4-4685-A052-52955E37049B}"
EndProject
Global
	GlobalSection(SolutionConfigurationPlatforms) = preSolution
		Debug|Any CPU = Debug|Any CPU
		Release|Any CPU = Release|Any CPU
	EndGlobalSection
	GlobalSection(ProjectConfigurationPlatforms) = postSolution
		{6698E7FD-AEE4-4685-A052-52955E37049B}.Debug|Any CPU.ActiveCfg = Debug|Any CPU
		{6698E7FD-AEE4-4685-A052-52955E37049B}.Debug|Any CPU.Build.0 = Debug|Any CPU
		{6698E7FD-AEE4-4685-A052-52955E37049B}.Release|Any CPU.ActiveCfg = Release|Any CPU
		{6698E7FD-AEE4-4685-A052-52955E37049B}.Release|Any CPU.Build.0 = Release|Any CPU
	EndGlobalSection
	GlobalSection(SolutionProperties) = preSolution
		HideSolutionNode = FALSE
	EndGlobalSection
	GlobalSection(ExtensibilityGlobals) = postSolution
		SolutionGuid = {A7AA9227-15DD-4A68-A365-0C605DC15C35}
	EndGlobalSection
EndGlobal
